
Microsoft Visual Studio Solution File, Format Version 12.00
# Visual Studio 2015
Project("{FAE04EC0-301F-11D3-BF4B-00C04F79EFBC}") = "Assembly-CSharp", "Assembly-CSharp.csproj", "{AF778304-E78B-DBA7-4F29-2A0AEA4105F3}"
EndProject
Project("{FAE04EC0-301F-11D3-BF4B-00C04F79EFBC}") = "Assembly-CSharp-firstpass", "Assembly-CSharp-firstpass.csproj", "{6234AD5D-DED5-D4EF-1E1E-7A50800370CE}"
EndProject
Project("{FAE04EC0-301F-11D3-BF4B-00C04F79EFBC}") = "Oculus.VR", "Oculus.VR.csproj", "{EE5C12DD-12AC-5060-193A-68E5F801A2EE}"
EndProject
Project("{FAE04EC0-301F-11D3-BF4B-00C04F79EFBC}") = "Assembly-CSharp-Editor", "Assembly-CSharp-Editor.csproj", "{B29B7D65-31A6-6BFD-F89C-5C48EA4DAD76}"
EndProject
Project("{FAE04EC0-301F-11D3-BF4B-00C04F79EFBC}") = "Assembly-CSharp-Editor-firstpass", "Assembly-CSharp-Editor-firstpass.csproj", "{06BE0756-61D4-F972-EB46-BC4E51D764CE}"
EndProject
Project("{FAE04EC0-301F-11D3-BF4B-00C04F79EFBC}") = "Oculus.VR.Scripts.Editor", "Oculus.VR.Scripts.Editor.csproj", "{742A9922-03E3-3CCA-46DC-A0343AB2685D}"
EndProject
Project("{FAE04EC0-301F-11D3-BF4B-00C04F79EFBC}") = "Oculus.VR.Editor", "Oculus.VR.Editor.csproj", "{DFEF554F-5673-0311-195D-93FA380B9FBC}"
EndProject
Global
	GlobalSection(SolutionConfigurationPlatforms) = preSolution
		Debug|Any CPU = Debug|Any CPU
		Release|Any CPU = Release|Any CPU
	EndGlobalSection
	GlobalSection(ProjectConfigurationPlatforms) = postSolution
		{AF778304-E78B-DBA7-4F29-2A0AEA4105F3}.Debug|Any CPU.ActiveCfg = Debug|Any CPU
		{AF778304-E78B-DBA7-4F29-2A0AEA4105F3}.Debug|Any CPU.Build.0 = Debug|Any CPU
		{AF778304-E78B-DBA7-4F29-2A0AEA4105F3}.Release|Any CPU.ActiveCfg = Release|Any CPU
		{AF778304-E78B-DBA7-4F29-2A0AEA4105F3}.Release|Any CPU.Build.0 = Release|Any CPU
		{6234AD5D-DED5-D4EF-1E1E-7A50800370CE}.Debug|Any CPU.ActiveCfg = Debug|Any CPU
		{6234AD5D-DED5-D4EF-1E1E-7A50800370CE}.Debug|Any CPU.Build.0 = Debug|Any CPU
		{6234AD5D-DED5-D4EF-1E1E-7A50800370CE}.Release|Any CPU.ActiveCfg = Release|Any CPU
		{6234AD5D-DED5-D4EF-1E1E-7A50800370CE}.Release|Any CPU.Build.0 = Release|Any CPU
		{EE5C12DD-12AC-5060-193A-68E5F801A2EE}.Debug|Any CPU.ActiveCfg = Debug|Any CPU
		{EE5C12DD-12AC-5060-193A-68E5F801A2EE}.Debug|Any CPU.Build.0 = Debug|Any CPU
		{EE5C12DD-12AC-5060-193A-68E5F801A2EE}.Release|Any CPU.ActiveCfg = Release|Any CPU
		{EE5C12DD-12AC-5060-193A-68E5F801A2EE}.Release|Any CPU.Build.0 = Release|Any CPU
		{B29B7D65-31A6-6BFD-F89C-5C48EA4DAD76}.Debug|Any CPU.ActiveCfg = Debug|Any CPU
		{B29B7D65-31A6-6BFD-F89C-5C48EA4DAD76}.Debug|Any CPU.Build.0 = Debug|Any CPU
		{B29B7D65-31A6-6BFD-F89C-5C48EA4DAD76}.Release|Any CPU.ActiveCfg = Release|Any CPU
		{B29B7D65-31A6-6BFD-F89C-5C48EA4DAD76}.Release|Any CPU.Build.0 = Release|Any CPU
		{06BE0756-61D4-F972-EB46-BC4E51D764CE}.Debug|Any CPU.ActiveCfg = Debug|Any CPU
		{06BE0756-61D4-F972-EB46-BC4E51D764CE}.Debug|Any CPU.Build.0 = Debug|Any CPU
		{06BE0756-61D4-F972-EB46-BC4E51D764CE}.Release|Any CPU.ActiveCfg = Release|Any CPU
		{06BE0756-61D4-F972-EB46-BC4E51D764CE}.Release|Any CPU.Build.0 = Release|Any CPU
		{742A9922-03E3-3CCA-46DC-A0343AB2685D}.Debug|Any CPU.ActiveCfg = Debug|Any CPU
		{742A9922-03E3-3CCA-46DC-A0343AB2685D}.Debug|Any CPU.Build.0 = Debug|Any CPU
		{742A9922-03E3-3CCA-46DC-A0343AB2685D}.Release|Any CPU.ActiveCfg = Release|Any CPU
		{742A9922-03E3-3CCA-46DC-A0343AB2685D}.Release|Any CPU.Build.0 = Release|Any CPU
		{DFEF554F-5673-0311-195D-93FA380B9FBC}.Debug|Any CPU.ActiveCfg = Debug|Any CPU
		{DFEF554F-5673-0311-195D-93FA380B9FBC}.Debug|Any CPU.Build.0 = Debug|Any CPU
		{DFEF554F-5673-0311-195D-93FA380B9FBC}.Release|Any CPU.ActiveCfg = Release|Any CPU
		{DFEF554F-5673-0311-195D-93FA380B9FBC}.Release|Any CPU.Build.0 = Release|Any CPU
	EndGlobalSection
	GlobalSection(SolutionProperties) = preSolution
		HideSolutionNode = FALSE
	EndGlobalSection
EndGlobal
